// !$*UTF8*$!
{
	archiveVersion = 1;
	classes = {
	};
	objectVersion = 50;
	objects = {

/* Begin PBXBuildFile section */
		0A0A13FE25C8F35D005A364E /* LandmarkRow.swift in Sources */ = {isa = PBXBuildFile; fileRef = 0A0A13FD25C8F35D005A364E /* LandmarkRow.swift */; };
		0A0A13FF25C8F35D005A364E /* LandmarkRow.swift in Sources */ = {isa = PBXBuildFile; fileRef = 0A0A13FD25C8F35D005A364E /* LandmarkRow.swift */; };
		0A1594DB25CD4798001E1FB7 /* LandmarkList1.swift in Sources */ = {isa = PBXBuildFile; fileRef = 0A1594DA25CD4798001E1FB7 /* LandmarkList1.swift */; };
		0A1594DC25CD4798001E1FB7 /* LandmarkList1.swift in Sources */ = {isa = PBXBuildFile; fileRef = 0A1594DA25CD4798001E1FB7 /* LandmarkList1.swift */; };
		0A1594E225CD4E87001E1FB7 /* FavoriteButton.swift in Sources */ = {isa = PBXBuildFile; fileRef = 0A1594E125CD4E87001E1FB7 /* FavoriteButton.swift */; };
		0A1594E325CD4E87001E1FB7 /* FavoriteButton.swift in Sources */ = {isa = PBXBuildFile; fileRef = 0A1594E125CD4E87001E1FB7 /* FavoriteButton.swift */; };
		0A3E36DD25C8E66E00E1EA20 /* landmarkData.json in Resources */ = {isa = PBXBuildFile; fileRef = 0A3E36DC25C8E66E00E1EA20 /* landmarkData.json */; };
		0A3E36DE25C8E66E00E1EA20 /* landmarkData.json in Resources */ = {isa = PBXBuildFile; fileRef = 0A3E36DC25C8E66E00E1EA20 /* landmarkData.json */; };
		0A3E36E425C8E68700E1EA20 /* Landmark.swift in Sources */ = {isa = PBXBuildFile; fileRef = 0A3E36E325C8E68700E1EA20 /* Landmark.swift */; };
		0A3E36E525C8E68700E1EA20 /* Landmark.swift in Sources */ = {isa = PBXBuildFile; fileRef = 0A3E36E325C8E68700E1EA20 /* Landmark.swift */; };
		0A3E36EB25C8E8D000E1EA20 /* ModelData.swift in Sources */ = {isa = PBXBuildFile; fileRef = 0A3E36EA25C8E8D000E1EA20 /* ModelData.swift */; };
		0A3E36EC25C8E8D000E1EA20 /* ModelData.swift in Sources */ = {isa = PBXBuildFile; fileRef = 0A3E36EA25C8E8D000E1EA20 /* ModelData.swift */; };
		0A4F09D225C9268D0014A1DB /* LandmarkList.swift in Sources */ = {isa = PBXBuildFile; fileRef = 0A4F09D125C9268D0014A1DB /* LandmarkList.swift */; };
		0A4F09D325C9268D0014A1DB /* LandmarkList.swift in Sources */ = {isa = PBXBuildFile; fileRef = 0A4F09D125C9268D0014A1DB /* LandmarkList.swift */; };
		0A4F09EC25C92BBA0014A1DB /* LandmarkDetail.swift in Sources */ = {isa = PBXBuildFile; fileRef = 0A4F09EB25C92BBA0014A1DB /* LandmarkDetail.swift */; };
		0A4F09ED25C92BBA0014A1DB /* LandmarkDetail.swift in Sources */ = {isa = PBXBuildFile; fileRef = 0A4F09EB25C92BBA0014A1DB /* LandmarkDetail.swift */; };
		0A95744625E0CEF0003291AD /* PublishedDemo.swift in Sources */ = {isa = PBXBuildFile; fileRef = 0A95744525E0CEF0003291AD /* PublishedDemo.swift */; };
		0A95744725E0CEF0003291AD /* PublishedDemo.swift in Sources */ = {isa = PBXBuildFile; fileRef = 0A95744525E0CEF0003291AD /* PublishedDemo.swift */; };
		0AB5737E25C794B3007FE5EA /* Tests_iOS.swift in Sources */ = {isa = PBXBuildFile; fileRef = 0AB5737D25C794B3007FE5EA /* Tests_iOS.swift */; };
		0AB5738925C794B3007FE5EA /* Tests_macOS.swift in Sources */ = {isa = PBXBuildFile; fileRef = 0AB5738825C794B3007FE5EA /* Tests_macOS.swift */; };
		0AB5738B25C794B3007FE5EA /* LandmarksApp.swift in Sources */ = {isa = PBXBuildFile; fileRef = 0AB5736225C794B2007FE5EA /* LandmarksApp.swift */; };
		0AB5738C25C794B3007FE5EA /* LandmarksApp.swift in Sources */ = {isa = PBXBuildFile; fileRef = 0AB5736225C794B2007FE5EA /* LandmarksApp.swift */; };
		0AB5738D25C794B3007FE5EA /* ContentView.swift in Sources */ = {isa = PBXBuildFile; fileRef = 0AB5736325C794B2007FE5EA /* ContentView.swift */; };
		0AB5738E25C794B3007FE5EA /* ContentView.swift in Sources */ = {isa = PBXBuildFile; fileRef = 0AB5736325C794B2007FE5EA /* ContentView.swift */; };
		0AB5738F25C794B3007FE5EA /* Assets.xcassets in Resources */ = {isa = PBXBuildFile; fileRef = 0AB5736425C794B3007FE5EA /* Assets.xcassets */; };
		0AB5739025C794B3007FE5EA /* Assets.xcassets in Resources */ = {isa = PBXBuildFile; fileRef = 0AB5736425C794B3007FE5EA /* Assets.xcassets */; };
		0AB573A425C79A2E007FE5EA /* CircleImage.swift in Sources */ = {isa = PBXBuildFile; fileRef = 0AB573A325C79A2E007FE5EA /* CircleImage.swift */; };
		0AB573A525C79A2E007FE5EA /* CircleImage.swift in Sources */ = {isa = PBXBuildFile; fileRef = 0AB573A325C79A2E007FE5EA /* CircleImage.swift */; };
		0AB573AB25C79C97007FE5EA /* MapView.swift in Sources */ = {isa = PBXBuildFile; fileRef = 0AB573AA25C79C97007FE5EA /* MapView.swift */; };
		0AB573AC25C79C97007FE5EA /* MapView.swift in Sources */ = {isa = PBXBuildFile; fileRef = 0AB573AA25C79C97007FE5EA /* MapView.swift */; };
/* End PBXBuildFile section */

/* Begin PBXContainerItemProxy section */
		0AB5737A25C794B3007FE5EA /* PBXContainerItemProxy */ = {
			isa = PBXContainerItemProxy;
			containerPortal = 0AB5735D25C794B2007FE5EA /* Project object */;
			proxyType = 1;
			remoteGlobalIDString = 0AB5736825C794B3007FE5EA;
			remoteInfo = "Landmarks (iOS)";
		};
		0AB5738525C794B3007FE5EA /* PBXContainerItemProxy */ = {
			isa = PBXContainerItemProxy;
			containerPortal = 0AB5735D25C794B2007FE5EA /* Project object */;
			proxyType = 1;
			remoteGlobalIDString = 0AB5737025C794B3007FE5EA;
			remoteInfo = "Landmarks (macOS)";
		};
/* End PBXContainerItemProxy section */

/* Begin PBXFileReference section */
		0A0A13FD25C8F35D005A364E /* LandmarkRow.swift */ = {isa = PBXFileReference; lastKnownFileType = sourcecode.swift; path = LandmarkRow.swift; sourceTree = "<group>"; };
		0A1594DA25CD4798001E1FB7 /* LandmarkList1.swift */ = {isa = PBXFileReference; lastKnownFileType = sourcecode.swift; path = LandmarkList1.swift; sourceTree = "<group>"; };
		0A1594E125CD4E87001E1FB7 /* FavoriteButton.swift */ = {isa = PBXFileReference; lastKnownFileType = sourcecode.swift; path = FavoriteButton.swift; sourceTree = "<group>"; };
		0A3E36DC25C8E66E00E1EA20 /* landmarkData.json */ = {isa = PBXFileReference; fileEncoding = 4; lastKnownFileType = text.json; path = landmarkData.json; sourceTree = "<group>"; };
		0A3E36E325C8E68700E1EA20 /* Landmark.swift */ = {isa = PBXFileReference; lastKnownFileType = sourcecode.swift; path = Landmark.swift; sourceTree = "<group>"; };
		0A3E36EA25C8E8D000E1EA20 /* ModelData.swift */ = {isa = PBXFileReference; lastKnownFileType = sourcecode.swift; path = ModelData.swift; sourceTree = "<group>"; };
		0A4F09D125C9268D0014A1DB /* LandmarkList.swift */ = {isa = PBXFileReference; lastKnownFileType = sourcecode.swift; path = LandmarkList.swift; sourceTree = "<group>"; };
		0A4F09EB25C92BBA0014A1DB /* LandmarkDetail.swift */ = {isa = PBXFileReference; lastKnownFileType = sourcecode.swift; path = LandmarkDetail.swift; sourceTree = "<group>"; };
		0A95744525E0CEF0003291AD /* PublishedDemo.swift */ = {isa = PBXFileReference; lastKnownFileType = sourcecode.swift; path = PublishedDemo.swift; sourceTree = "<group>"; };
		0AB5736225C794B2007FE5EA /* LandmarksApp.swift */ = {isa = PBXFileReference; lastKnownFileType = sourcecode.swift; path = LandmarksApp.swift; sourceTree = "<group>"; };
		0AB5736325C794B2007FE5EA /* ContentView.swift */ = {isa = PBXFileReference; lastKnownFileType = sourcecode.swift; path = ContentView.swift; sourceTree = "<group>"; };
		0AB5736425C794B3007FE5EA /* Assets.xcassets */ = {isa = PBXFileReference; lastKnownFileType = folder.assetcatalog; path = Assets.xcassets; sourceTree = "<group>"; };
		0AB5736925C794B3007FE5EA /* Landmarks.app */ = {isa = PBXFileReference; explicitFileType = wrapper.application; includeInIndex = 0; path = Landmarks.app; sourceTree = BUILT_PRODUCTS_DIR; };
		0AB5736C25C794B3007FE5EA /* Info.plist */ = {isa = PBXFileReference; lastKnownFileType = text.plist.xml; path = Info.plist; sourceTree = "<group>"; };
		0AB5737125C794B3007FE5EA /* Landmarks.app */ = {isa = PBXFileReference; explicitFileType = wrapper.application; includeInIndex = 0; path = Landmarks.app; sourceTree = BUILT_PRODUCTS_DIR; };
		0AB5737325C794B3007FE5EA /* Info.plist */ = {isa = PBXFileReference; lastKnownFileType = text.plist.xml; path = Info.plist; sourceTree = "<group>"; };
		0AB5737425C794B3007FE5EA /* macOS.entitlements */ = {isa = PBXFileReference; lastKnownFileType = text.plist.entitlements; path = macOS.entitlements; sourceTree = "<group>"; };
		0AB5737925C794B3007FE5EA /* Tests iOS.xctest */ = {isa = PBXFileReference; explicitFileType = wrapper.cfbundle; includeInIndex = 0; path = "Tests iOS.xctest"; sourceTree = BUILT_PRODUCTS_DIR; };
		0AB5737D25C794B3007FE5EA /* Tests_iOS.swift */ = {isa = PBXFileReference; lastKnownFileType = sourcecode.swift; path = Tests_iOS.swift; sourceTree = "<group>"; };
		0AB5737F25C794B3007FE5EA /* Info.plist */ = {isa = PBXFileReference; lastKnownFileType = text.plist.xml; path = Info.plist; sourceTree = "<group>"; };
		0AB5738425C794B3007FE5EA /* Tests macOS.xctest */ = {isa = PBXFileReference; explicitFileType = wrapper.cfbundle; includeInIndex = 0; path = "Tests macOS.xctest"; sourceTree = BUILT_PRODUCTS_DIR; };
		0AB5738825C794B3007FE5EA /* Tests_macOS.swift */ = {isa = PBXFileReference; lastKnownFileType = sourcecode.swift; path = Tests_macOS.swift; sourceTree = "<group>"; };
		0AB5738A25C794B3007FE5EA /* Info.plist */ = {isa = PBXFileReference; lastKnownFileType = text.plist.xml; path = Info.plist; sourceTree = "<group>"; };
		0AB573A325C79A2E007FE5EA /* CircleImage.swift */ = {isa = PBXFileReference; lastKnownFileType = sourcecode.swift; path = CircleImage.swift; sourceTree = "<group>"; };
		0AB573AA25C79C97007FE5EA /* MapView.swift */ = {isa = PBXFileReference; lastKnownFileType = sourcecode.swift; path = MapView.swift; sourceTree = "<group>"; };
/* End PBXFileReference section */

/* Begin PBXFrameworksBuildPhase section */
		0AB5736625C794B3007FE5EA /* Frameworks */ = {
			isa = PBXFrameworksBuildPhase;
			buildActionMask = 2147483647;
			files = (
			);
			runOnlyForDeploymentPostprocessing = 0;
		};
		0AB5736E25C794B3007FE5EA /* Frameworks */ = {
			isa = PBXFrameworksBuildPhase;
			buildActionMask = 2147483647;
			files = (
			);
			runOnlyForDeploymentPostprocessing = 0;
		};
		0AB5737625C794B3007FE5EA /* Frameworks */ = {
			isa = PBXFrameworksBuildPhase;
			buildActionMask = 2147483647;
			files = (
			);
			runOnlyForDeploymentPostprocessing = 0;
		};
		0AB5738125C794B3007FE5EA /* Frameworks */ = {
			isa = PBXFrameworksBuildPhase;
			buildActionMask = 2147483647;
			files = (
			);
			runOnlyForDeploymentPostprocessing = 0;
		};
/* End PBXFrameworksBuildPhase section */

/* Begin PBXGroup section */
		0A3E36F125C8EAAA00E1EA20 /* Resources */ = {
			isa = PBXGroup;
			children = (
				0A3E36DC25C8E66E00E1EA20 /* landmarkData.json */,
			);
			path = Resources;
			sourceTree = "<group>";
		};
		0A3E36F225C8EACB00E1EA20 /* Views */ = {
			isa = PBXGroup;
			children = (
				0AB573AA25C79C97007FE5EA /* MapView.swift */,
				0A1594E125CD4E87001E1FB7 /* FavoriteButton.swift */,
				0A4F09D125C9268D0014A1DB /* LandmarkList.swift */,
				0A1594DA25CD4798001E1FB7 /* LandmarkList1.swift */,
				0A4F09EB25C92BBA0014A1DB /* LandmarkDetail.swift */,
				0AB573A325C79A2E007FE5EA /* CircleImage.swift */,
				0AB5736325C794B2007FE5EA /* ContentView.swift */,
				0A0A13FD25C8F35D005A364E /* LandmarkRow.swift */,
				0A95744525E0CEF0003291AD /* PublishedDemo.swift */,
			);
			path = Views;
			sourceTree = "<group>";
		};
		0A3E36F325C8EAFA00E1EA20 /* Model */ = {
			isa = PBXGroup;
			children = (
				0A3E36E325C8E68700E1EA20 /* Landmark.swift */,
				0A3E36EA25C8E8D000E1EA20 /* ModelData.swift */,
			);
			path = Model;
			sourceTree = "<group>";
		};
		0AB5735C25C794B2007FE5EA = {
			isa = PBXGroup;
			children = (
				0AB5736125C794B2007FE5EA /* Shared */,
				0AB5736B25C794B3007FE5EA /* iOS */,
				0AB5737225C794B3007FE5EA /* macOS */,
				0AB5737C25C794B3007FE5EA /* Tests iOS */,
				0AB5738725C794B3007FE5EA /* Tests macOS */,
				0AB5736A25C794B3007FE5EA /* Products */,
			);
			sourceTree = "<group>";
		};
		0AB5736125C794B2007FE5EA /* Shared */ = {
			isa = PBXGroup;
			children = (
				0A3E36F125C8EAAA00E1EA20 /* Resources */,
				0AB5736225C794B2007FE5EA /* LandmarksApp.swift */,
				0A3E36F225C8EACB00E1EA20 /* Views */,
				0A3E36F325C8EAFA00E1EA20 /* Model */,
				0AB5736425C794B3007FE5EA /* Assets.xcassets */,
			);
			path = Shared;
			sourceTree = "<group>";
		};
		0AB5736A25C794B3007FE5EA /* Products */ = {
			isa = PBXGroup;
			children = (
				0AB5736925C794B3007FE5EA /* Landmarks.app */,
				0AB5737125C794B3007FE5EA /* Landmarks.app */,
				0AB5737925C794B3007FE5EA /* Tests iOS.xctest */,
				0AB5738425C794B3007FE5EA /* Tests macOS.xctest */,
			);
			name = Products;
			sourceTree = "<group>";
		};
		0AB5736B25C794B3007FE5EA /* iOS */ = {
			isa = PBXGroup;
			children = (
				0AB5736C25C794B3007FE5EA /* Info.plist */,
			);
			path = iOS;
			sourceTree = "<group>";
		};
		0AB5737225C794B3007FE5EA /* macOS */ = {
			isa = PBXGroup;
			children = (
				0AB5737325C794B3007FE5EA /* Info.plist */,
				0AB5737425C794B3007FE5EA /* macOS.entitlements */,
			);
			path = macOS;
			sourceTree = "<group>";
		};
		0AB5737C25C794B3007FE5EA /* Tests iOS */ = {
			isa = PBXGroup;
			children = (
				0AB5737D25C794B3007FE5EA /* Tests_iOS.swift */,
				0AB5737F25C794B3007FE5EA /* Info.plist */,
			);
			path = "Tests iOS";
			sourceTree = "<group>";
		};
		0AB5738725C794B3007FE5EA /* Tests macOS */ = {
			isa = PBXGroup;
			children = (
				0AB5738825C794B3007FE5EA /* Tests_macOS.swift */,
				0AB5738A25C794B3007FE5EA /* Info.plist */,
			);
			path = "Tests macOS";
			sourceTree = "<group>";
		};
/* End PBXGroup section */

/* Begin PBXNativeTarget section */
		0AB5736825C794B3007FE5EA /* Landmarks (iOS) */ = {
			isa = PBXNativeTarget;
			buildConfigurationList = 0AB5739325C794B3007FE5EA /* Build configuration list for PBXNativeTarget "Landmarks (iOS)" */;
			buildPhases = (
				0AB5736525C794B3007FE5EA /* Sources */,
				0AB5736625C794B3007FE5EA /* Frameworks */,
				0AB5736725C794B3007FE5EA /* Resources */,
			);
			buildRules = (
			);
			dependencies = (
			);
			name = "Landmarks (iOS)";
			productName = "Landmarks (iOS)";
			productReference = 0AB5736925C794B3007FE5EA /* Landmarks.app */;
			productType = "com.apple.product-type.application";
		};
		0AB5737025C794B3007FE5EA /* Landmarks (macOS) */ = {
			isa = PBXNativeTarget;
			buildConfigurationList = 0AB5739625C794B3007FE5EA /* Build configuration list for PBXNativeTarget "Landmarks (macOS)" */;
			buildPhases = (
				0AB5736D25C794B3007FE5EA /* Sources */,
				0AB5736E25C794B3007FE5EA /* Frameworks */,
				0AB5736F25C794B3007FE5EA /* Resources */,
			);
			buildRules = (
			);
			dependencies = (
			);
			name = "Landmarks (macOS)";
			productName = "Landmarks (macOS)";
			productReference = 0AB5737125C794B3007FE5EA /* Landmarks.app */;
			productType = "com.apple.product-type.application";
		};
		0AB5737825C794B3007FE5EA /* Tests iOS */ = {
			isa = PBXNativeTarget;
			buildConfigurationList = 0AB5739925C794B3007FE5EA /* Build configuration list for PBXNativeTarget "Tests iOS" */;
			buildPhases = (
				0AB5737525C794B3007FE5EA /* Sources */,
				0AB5737625C794B3007FE5EA /* Frameworks */,
				0AB5737725C794B3007FE5EA /* Resources */,
			);
			buildRules = (
			);
			dependencies = (
				0AB5737B25C794B3007FE5EA /* PBXTargetDependency */,
			);
			name = "Tests iOS";
			productName = "Tests iOS";
			productReference = 0AB5737925C794B3007FE5EA /* Tests iOS.xctest */;
			productType = "com.apple.product-type.bundle.ui-testing";
		};
		0AB5738325C794B3007FE5EA /* Tests macOS */ = {
			isa = PBXNativeTarget;
			buildConfigurationList = 0AB5739C25C794B3007FE5EA /* Build configuration list for PBXNativeTarget "Tests macOS" */;
			buildPhases = (
				0AB5738025C794B3007FE5EA /* Sources */,
				0AB5738125C794B3007FE5EA /* Frameworks */,
				0AB5738225C794B3007FE5EA /* Resources */,
			);
			buildRules = (
			);
			dependencies = (
				0AB5738625C794B3007FE5EA /* PBXTargetDependency */,
			);
			name = "Tests macOS";
			productName = "Tests macOS";
			productReference = 0AB5738425C794B3007FE5EA /* Tests macOS.xctest */;
			productType = "com.apple.product-type.bundle.ui-testing";
		};
/* End PBXNativeTarget section */

/* Begin PBXProject section */
		0AB5735D25C794B2007FE5EA /* Project object */ = {
			isa = PBXProject;
			attributes = {
				LastSwiftUpdateCheck = 1230;
				LastUpgradeCheck = 1240;
				TargetAttributes = {
					0AB5736825C794B3007FE5EA = {
						CreatedOnToolsVersion = 12.3;
					};
					0AB5737025C794B3007FE5EA = {
						CreatedOnToolsVersion = 12.3;
					};
					0AB5737825C794B3007FE5EA = {
						CreatedOnToolsVersion = 12.3;
						TestTargetID = 0AB5736825C794B3007FE5EA;
					};
					0AB5738325C794B3007FE5EA = {
						CreatedOnToolsVersion = 12.3;
						TestTargetID = 0AB5737025C794B3007FE5EA;
					};
				};
			};
			buildConfigurationList = 0AB5736025C794B2007FE5EA /* Build configuration list for PBXProject "Landmarks" */;
			compatibilityVersion = "Xcode 9.3";
			developmentRegion = en;
			hasScannedForEncodings = 0;
			knownRegions = (
				en,
				Base,
			);
			mainGroup = 0AB5735C25C794B2007FE5EA;
			productRefGroup = 0AB5736A25C794B3007FE5EA /* Products */;
			projectDirPath = "";
			projectRoot = "";
			targets = (
				0AB5736825C794B3007FE5EA /* Landmarks (iOS) */,
				0AB5737025C794B3007FE5EA /* Landmarks (macOS) */,
				0AB5737825C794B3007FE5EA /* Tests iOS */,
				0AB5738325C794B3007FE5EA /* Tests macOS */,
			);
		};
/* End PBXProject section */

/* Begin PBXResourcesBuildPhase section */
		0AB5736725C794B3007FE5EA /* Resources */ = {
			isa = PBXResourcesBuildPhase;
			buildActionMask = 2147483647;
			files = (
				0AB5738F25C794B3007FE5EA /* Assets.xcassets in Resources */,
				0A3E36DD25C8E66E00E1EA20 /* landmarkData.json in Resources */,
			);
			runOnlyForDeploymentPostprocessing = 0;
		};
		0AB5736F25C794B3007FE5EA /* Resources */ = {
			isa = PBXResourcesBuildPhase;
			buildActionMask = 2147483647;
			files = (
				0AB5739025C794B3007FE5EA /* Assets.xcassets in Resources */,
				0A3E36DE25C8E66E00E1EA20 /* landmarkData.json in Resources */,
			);
			runOnlyForDeploymentPostprocessing = 0;
		};
		0AB5737725C794B3007FE5EA /* Resources */ = {
			isa = PBXResourcesBuildPhase;
			buildActionMask = 2147483647;
			files = (
			);
			runOnlyForDeploymentPostprocessing = 0;
		};
		0AB5738225C794B3007FE5EA /* Resources */ = {
			isa = PBXResourcesBuildPhase;
			buildActionMask = 2147483647;
			files = (
			);
			runOnlyForDeploymentPostprocessing = 0;
		};
/* End PBXResourcesBuildPhase section */

/* Begin PBXSourcesBuildPhase section */
		0AB5736525C794B3007FE5EA /* Sources */ = {
			isa = PBXSourcesBuildPhase;
			buildActionMask = 2147483647;
			files = (
				0AB5738D25C794B3007FE5EA /* ContentView.swift in Sources */,
				0A1594DB25CD4798001E1FB7 /* LandmarkList1.swift in Sources */,
				0AB573AB25C79C97007FE5EA /* MapView.swift in Sources */,
				0AB5738B25C794B3007FE5EA /* LandmarksApp.swift in Sources */,
				0A4F09D225C9268D0014A1DB /* LandmarkList.swift in Sources */,
				0A4F09EC25C92BBA0014A1DB /* LandmarkDetail.swift in Sources */,
				0AB573A425C79A2E007FE5EA /* CircleImage.swift in Sources */,
				0A3E36E425C8E68700E1EA20 /* Landmark.swift in Sources */,
				0A0A13FE25C8F35D005A364E /* LandmarkRow.swift in Sources */,
				0A1594E225CD4E87001E1FB7 /* FavoriteButton.swift in Sources */,
				0A3E36EB25C8E8D000E1EA20 /* ModelData.swift in Sources */,
				0A95744625E0CEF0003291AD /* PublishedDemo.swift in Sources */,
			);
			runOnlyForDeploymentPostprocessing = 0;
		};
		0AB5736D25C794B3007FE5EA /* Sources */ = {
			isa = PBXSourcesBuildPhase;
			buildActionMask = 2147483647;
			files = (
				0AB5738E25C794B3007FE5EA /* ContentView.swift in Sources */,
				0A1594DC25CD4798001E1FB7 /* LandmarkList1.swift in Sources */,
				0AB573AC25C79C97007FE5EA /* MapView.swift in Sources */,
				0AB5738C25C794B3007FE5EA /* LandmarksApp.swift in Sources */,
				0A4F09D325C9268D0014A1DB /* LandmarkList.swift in Sources */,
				0A4F09ED25C92BBA0014A1DB /* LandmarkDetail.swift in Sources */,
				0AB573A525C79A2E007FE5EA /* CircleImage.swift in Sources */,
				0A3E36E525C8E68700E1EA20 /* Landmark.swift in Sources */,
				0A0A13FF25C8F35D005A364E /* LandmarkRow.swift in Sources */,
				0A1594E325CD4E87001E1FB7 /* FavoriteButton.swift in Sources */,
				0A3E36EC25C8E8D000E1EA20 /* ModelData.swift in Sources */,
				0A95744725E0CEF0003291AD /* PublishedDemo.swift in Sources */,
			);
			runOnlyForDeploymentPostprocessing = 0;
		};
		0AB5737525C794B3007FE5EA /* Sources */ = {
			isa = PBXSourcesBuildPhase;
			buildActionMask = 2147483647;
			files = (
				0AB5737E25C794B3007FE5EA /* Tests_iOS.swift in Sources */,
			);
			runOnlyForDeploymentPostprocessing = 0;
		};
		0AB5738025C794B3007FE5EA /* Sources */ = {
			isa = PBXSourcesBuildPhase;
			buildActionMask = 2147483647;
			files = (
				0AB5738925C794B3007FE5EA /* Tests_macOS.swift in Sources */,
			);
			runOnlyForDeploymentPostprocessing = 0;
		};
/* End PBXSourcesBuildPhase section */

/* Begin PBXTargetDependency section */
		0AB5737B25C794B3007FE5EA /* PBXTargetDependency */ = {
			isa = PBXTargetDependency;
			target = 0AB5736825C794B3007FE5EA /* Landmarks (iOS) */;
			targetProxy = 0AB5737A25C794B3007FE5EA /* PBXContainerItemProxy */;
		};
		0AB5738625C794B3007FE5EA /* PBXTargetDependency */ = {
			isa = PBXTargetDependency;
			target = 0AB5737025C794B3007FE5EA /* Landmarks (macOS) */;
			targetProxy = 0AB5738525C794B3007FE5EA /* PBXContainerItemProxy */;
		};
/* End PBXTargetDependency section */

/* Begin XCBuildConfiguration section */
		0AB5739125C794B3007FE5EA /* Debug */ = {
			isa = XCBuildConfiguration;
			buildSettings = {
				ALWAYS_SEARCH_USER_PATHS = NO;
				CLANG_ANALYZER_NONNULL = YES;
				CLANG_ANALYZER_NUMBER_OBJECT_CONVERSION = YES_AGGRESSIVE;
				CLANG_CXX_LANGUAGE_STANDARD = "gnu++14";
				CLANG_CXX_LIBRARY = "libc++";
				CLANG_ENABLE_MODULES = YES;
				CLANG_ENABLE_OBJC_ARC = YES;
				CLANG_ENABLE_OBJC_WEAK = YES;
				CLANG_WARN_BLOCK_CAPTURE_AUTORELEASING = YES;
				CLANG_WARN_BOOL_CONVERSION = YES;
				CLANG_WARN_COMMA = YES;
				CLANG_WARN_CONSTANT_CONVERSION = YES;
				CLANG_WARN_DEPRECATED_OBJC_IMPLEMENTATIONS = YES;
				CLANG_WARN_DIRECT_OBJC_ISA_USAGE = YES_ERROR;
				CLANG_WARN_DOCUMENTATION_COMMENTS = YES;
				CLANG_WARN_EMPTY_BODY = YES;
				CLANG_WARN_ENUM_CONVERSION = YES;
				CLANG_WARN_INFINITE_RECURSION = YES;
				CLANG_WARN_INT_CONVERSION = YES;
				CLANG_WARN_NON_LITERAL_NULL_CONVERSION = YES;
				CLANG_WARN_OBJC_IMPLICIT_RETAIN_SELF = YES;
				CLANG_WARN_OBJC_LITERAL_CONVERSION = YES;
				CLANG_WARN_OBJC_ROOT_CLASS = YES_ERROR;
				CLANG_WARN_QUOTED_INCLUDE_IN_FRAMEWORK_HEADER = YES;
				CLANG_WARN_RANGE_LOOP_ANALYSIS = YES;
				CLANG_WARN_STRICT_PROTOTYPES = YES;
				CLANG_WARN_SUSPICIOUS_MOVE = YES;
				CLANG_WARN_UNGUARDED_AVAILABILITY = YES_AGGRESSIVE;
				CLANG_WARN_UNREACHABLE_CODE = YES;
				CLANG_WARN__DUPLICATE_METHOD_MATCH = YES;
				COPY_PHASE_STRIP = NO;
				DEBUG_INFORMATION_FORMAT = dwarf;
				ENABLE_STRICT_OBJC_MSGSEND = YES;
				ENABLE_TESTABILITY = YES;
				GCC_C_LANGUAGE_STANDARD = gnu11;
				GCC_DYNAMIC_NO_PIC = NO;
				GCC_NO_COMMON_BLOCKS = YES;
				GCC_OPTIMIZATION_LEVEL = 0;
				GCC_PREPROCESSOR_DEFINITIONS = (
					"DEBUG=1",
					"$(inherited)",
				);
				GCC_WARN_64_TO_32_BIT_CONVERSION = YES;
				GCC_WARN_ABOUT_RETURN_TYPE = YES_ERROR;
				GCC_WARN_UNDECLARED_SELECTOR = YES;
				GCC_WARN_UNINITIALIZED_AUTOS = YES_AGGRESSIVE;
				GCC_WARN_UNUSED_FUNCTION = YES;
				GCC_WARN_UNUSED_VARIABLE = YES;
				MTL_ENABLE_DEBUG_INFO = INCLUDE_SOURCE;
				MTL_FAST_MATH = YES;
				ONLY_ACTIVE_ARCH = YES;
				SWIFT_ACTIVE_COMPILATION_CONDITIONS = DEBUG;
				SWIFT_OPTIMIZATION_LEVEL = "-Onone";
			};
			name = Debug;
		};
		0AB5739225C794B3007FE5EA /* Release */ = {
			isa = XCBuildConfiguration;
			buildSettings = {
				ALWAYS_SEARCH_USER_PATHS = NO;
				CLANG_ANALYZER_NONNULL = YES;
				CLANG_ANALYZER_NUMBER_OBJECT_CONVERSION = YES_AGGRESSIVE;
				CLANG_CXX_LANGUAGE_STANDARD = "gnu++14";
				CLANG_CXX_LIBRARY = "libc++";
				CLANG_ENABLE_MODULES = YES;
				CLANG_ENABLE_OBJC_ARC = YES;
				CLANG_ENABLE_OBJC_WEAK = YES;
				CLANG_WARN_BLOCK_CAPTURE_AUTORELEASING = YES;
				CLANG_WARN_BOOL_CONVERSION = YES;
				CLANG_WARN_COMMA = YES;
				CLANG_WARN_CONSTANT_CONVERSION = YES;
				CLANG_WARN_DEPRECATED_OBJC_IMPLEMENTATIONS = YES;
				CLANG_WARN_DIRECT_OBJC_ISA_USAGE = YES_ERROR;
				CLANG_WARN_DOCUMENTATION_COMMENTS = YES;
				CLANG_WARN_EMPTY_BODY = YES;
				CLANG_WARN_ENUM_CONVERSION = YES;
				CLANG_WARN_INFINITE_RECURSION = YES;
				CLANG_WARN_INT_CONVERSION = YES;
				CLANG_WARN_NON_LITERAL_NULL_CONVERSION = YES;
				CLANG_WARN_OBJC_IMPLICIT_RETAIN_SELF = YES;
				CLANG_WARN_OBJC_LITERAL_CONVERSION = YES;
				CLANG_WARN_OBJC_ROOT_CLASS = YES_ERROR;
				CLANG_WARN_QUOTED_INCLUDE_IN_FRAMEWORK_HEADER = YES;
				CLANG_WARN_RANGE_LOOP_ANALYSIS = YES;
				CLANG_WARN_STRICT_PROTOTYPES = YES;
				CLANG_WARN_SUSPICIOUS_MOVE = YES;
				CLANG_WARN_UNGUARDED_AVAILABILITY = YES_AGGRESSIVE;
				CLANG_WARN_UNREACHABLE_CODE = YES;
				CLANG_WARN__DUPLICATE_METHOD_MATCH = YES;
				COPY_PHASE_STRIP = NO;
				DEBUG_INFORMATION_FORMAT = "dwarf-with-dsym";
				ENABLE_NS_ASSERTIONS = NO;
				ENABLE_STRICT_OBJC_MSGSEND = YES;
				GCC_C_LANGUAGE_STANDARD = gnu11;
				GCC_NO_COMMON_BLOCKS = YES;
				GCC_WARN_64_TO_32_BIT_CONVERSION = YES;
				GCC_WARN_ABOUT_RETURN_TYPE = YES_ERROR;
				GCC_WARN_UNDECLARED_SELECTOR = YES;
				GCC_WARN_UNINITIALIZED_AUTOS = YES_AGGRESSIVE;
				GCC_WARN_UNUSED_FUNCTION = YES;
				GCC_WARN_UNUSED_VARIABLE = YES;
				MTL_ENABLE_DEBUG_INFO = NO;
				MTL_FAST_MATH = YES;
				SWIFT_COMPILATION_MODE = wholemodule;
				SWIFT_OPTIMIZATION_LEVEL = "-O";
			};
			name = Release;
		};
		0AB5739425C794B3007FE5EA /* Debug */ = {
			isa = XCBuildConfiguration;
			buildSettings = {
				ASSETCATALOG_COMPILER_APPICON_NAME = AppIcon;
				ASSETCATALOG_COMPILER_GLOBAL_ACCENT_COLOR_NAME = AccentColor;
				CODE_SIGN_STYLE = Automatic;
				ENABLE_PREVIEWS = YES;
				INFOPLIST_FILE = iOS/Info.plist;
				IPHONEOS_DEPLOYMENT_TARGET = 14.0;
				LD_RUNPATH_SEARCH_PATHS = (
					"$(inherited)",
					"@executable_path/Frameworks",
				);
				PRODUCT_BUNDLE_IDENTIFIER = lp.test.tools.Landmarks;
				PRODUCT_NAME = Landmarks;
				SDKROOT = iphoneos;
				SWIFT_VERSION = 5.0;
				TARGETED_DEVICE_FAMILY = "1,2";
			};
			name = Debug;
		};
		0AB5739525C794B3007FE5EA /* Release */ = {
			isa = XCBuildConfiguration;
			buildSettings = {
				ASSETCATALOG_COMPILER_APPICON_NAME = AppIcon;
				ASSETCATALOG_COMPILER_GLOBAL_ACCENT_COLOR_NAME = AccentColor;
				CODE_SIGN_STYLE = Automatic;
				ENABLE_PREVIEWS = YES;
				INFOPLIST_FILE = iOS/Info.plist;
				IPHONEOS_DEPLOYMENT_TARGET = 14.0;
				LD_RUNPATH_SEARCH_PATHS = (
					"$(inherited)",
					"@executable_path/Frameworks",
				);
				PRODUCT_BUNDLE_IDENTIFIER = lp.test.tools.Landmarks;
				PRODUCT_NAME = Landmarks;
				SDKROOT = iphoneos;
				SWIFT_VERSION = 5.0;
				TARGETED_DEVICE_FAMILY = "1,2";
				VALIDATE_PRODUCT = YES;
			};
			name = Release;
		};
		0AB5739725C794B3007FE5EA /* Debug */ = {
			isa = XCBuildConfiguration;
			buildSettings = {
				ASSETCATALOG_COMPILER_APPICON_NAME = AppIcon;
				ASSETCATALOG_COMPILER_GLOBAL_ACCENT_COLOR_NAME = AccentColor;
				CODE_SIGN_ENTITLEMENTS = macOS/macOS.entitlements;
				CODE_SIGN_IDENTITY = "-";
				CODE_SIGN_STYLE = Automatic;
				COMBINE_HIDPI_IMAGES = YES;
				ENABLE_PREVIEWS = YES;
				INFOPLIST_FILE = macOS/Info.plist;
				LD_RUNPATH_SEARCH_PATHS = (
					"$(inherited)",
					"@executable_path/../Frameworks",
				);
				MACOSX_DEPLOYMENT_TARGET = 11.0;
				PRODUCT_BUNDLE_IDENTIFIER = lp.test.tools.Landmarks;
				PRODUCT_NAME = Landmarks;
				SDKROOT = macosx;
				SWIFT_VERSION = 5.0;
			};
			name = Debug;
		};
		0AB5739825C794B3007FE5EA /* Release */ = {
			isa = XCBuildConfiguration;
			buildSettings = {
				ASSETCATALOG_COMPILER_APPICON_NAME = AppIcon;
				ASSETCATALOG_COMPILER_GLOBAL_ACCENT_COLOR_NAME = AccentColor;
				CODE_SIGN_ENTITLEMENTS = macOS/macOS.entitlements;
				CODE_SIGN_IDENTITY = "-";
				CODE_SIGN_STYLE = Automatic;
				COMBINE_HIDPI_IMAGES = YES;
				ENABLE_PREVIEWS = YES;
				INFOPLIST_FILE = macOS/Info.plist;
				LD_RUNPATH_SEARCH_PATHS = (
					"$(inherited)",
					"@executable_path/../Frameworks",
				);
				MACOSX_DEPLOYMENT_TARGET = 11.0;
				PRODUCT_BUNDLE_IDENTIFIER = lp.test.tools.Landmarks;
				PRODUCT_NAME = Landmarks;
				SDKROOT = macosx;
				SWIFT_VERSION = 5.0;
			};
			name = Release;
		};
		0AB5739A25C794B3007FE5EA /* Debug */ = {
			isa = XCBuildConfiguration;
			buildSettings = {
				ALWAYS_EMBED_SWIFT_STANDARD_LIBRARIES = YES;
				CODE_SIGN_STYLE = Automatic;
				INFOPLIST_FILE = "Tests iOS/Info.plist";
				IPHONEOS_DEPLOYMENT_TARGET = 14.3;
				LD_RUNPATH_SEARCH_PATHS = (
					"$(inherited)",
					"@executable_path/Frameworks",
					"@loader_path/Frameworks",
				);
				PRODUCT_BUNDLE_IDENTIFIER = "lp.test.tools.Tests-iOS";
				PRODUCT_NAME = "$(TARGET_NAME)";
				SDKROOT = iphoneos;
				SWIFT_VERSION = 5.0;
				TARGETED_DEVICE_FAMILY = "1,2";
				TEST_TARGET_NAME = "Landmarks (iOS)";
			};
			name = Debug;
		};
		0AB5739B25C794B3007FE5EA /* Release */ = {
			isa = XCBuildConfiguration;
			buildSettings = {
				ALWAYS_EMBED_SWIFT_STANDARD_LIBRARIES = YES;
				CODE_SIGN_STYLE = Automatic;
				INFOPLIST_FILE = "Tests iOS/Info.plist";
				IPHONEOS_DEPLOYMENT_TARGET = 14.3;
				LD_RUNPATH_SEARCH_PATHS = (
					"$(inherited)",
					"@executable_path/Frameworks",
					"@loader_path/Frameworks",
				);
				PRODUCT_BUNDLE_IDENTIFIER = "lp.test.tools.Tests-iOS";
				PRODUCT_NAME = "$(TARGET_NAME)";
				SDKROOT = iphoneos;
				SWIFT_VERSION = 5.0;
				TARGETED_DEVICE_FAMILY = "1,2";
				TEST_TARGET_NAME = "Landmarks (iOS)";
				VALIDATE_PRODUCT = YES;
			};
			name = Release;
		};
		0AB5739D25C794B3007FE5EA /* Debug */ = {
			isa = XCBuildConfiguration;
			buildSettings = {
				ALWAYS_EMBED_SWIFT_STANDARD_LIBRARIES = YES;
				CODE_SIGN_STYLE = Automatic;
				COMBINE_HIDPI_IMAGES = YES;
				INFOPLIST_FILE = "Tests macOS/Info.plist";
				LD_RUNPATH_SEARCH_PATHS = (
					"$(inherited)",
					"@executable_path/../Frameworks",
					"@loader_path/../Frameworks",
				);
				MACOSX_DEPLOYMENT_TARGET = 11.1;
				PRODUCT_BUNDLE_IDENTIFIER = "lp.test.tools.Tests-macOS";
				PRODUCT_NAME = "$(TARGET_NAME)";
				SDKROOT = macosx;
				SWIFT_VERSION = 5.0;
				TEST_TARGET_NAME = "Landmarks (macOS)";
			};
			name = Debug;
		};
		0AB5739E25C794B3007FE5EA /* Release */ = {
			isa = XCBuildConfiguration;
			buildSettings = {
				ALWAYS_EMBED_SWIFT_STANDARD_LIBRARIES = YES;
				CODE_SIGN_STYLE = Automatic;
				COMBINE_HIDPI_IMAGES = YES;
				INFOPLIST_FILE = "Tests macOS/Info.plist";
				LD_RUNPATH_SEARCH_PATHS = (
					"$(inherited)",
					"@executable_path/../Frameworks",
					"@loader_path/../Frameworks",
				);
				MACOSX_DEPLOYMENT_TARGET = 11.1;
				PRODUCT_BUNDLE_IDENTIFIER = "lp.test.tools.Tests-macOS";
				PRODUCT_NAME = "$(TARGET_NAME)";
				SDKROOT = macosx;
				SWIFT_VERSION = 5.0;
				TEST_TARGET_NAME = "Landmarks (macOS)";
			};
			name = Release;
		};
/* End XCBuildConfiguration section */

/* Begin XCConfigurationList section */
		0AB5736025C794B2007FE5EA /* Build configuration list for PBXProject "Landmarks" */ = {
			isa = XCConfigurationList;
			buildConfigurations = (
				0AB5739125C794B3007FE5EA /* Debug */,
				0AB5739225C794B3007FE5EA /* Release */,
			);
			defaultConfigurationIsVisible = 0;
			defaultConfigurationName = Release;
		};
		0AB5739325C794B3007FE5EA /* Build configuration list for PBXNativeTarget "Landmarks (iOS)" */ = {
			isa = XCConfigurationList;
			buildConfigurations = (
				0AB5739425C794B3007FE5EA /* Debug */,
				0AB5739525C794B3007FE5EA /* Release */,
			);
			defaultConfigurationIsVisible = 0;
			defaultConfigurationName = Release;
		};
		0AB5739625C794B3007FE5EA /* Build configuration list for PBXNativeTarget "Landmarks (macOS)" */ = {
			isa = XCConfigurationList;
			buildConfigurations = (
				0AB5739725C794B3007FE5EA /* Debug */,
				0AB5739825C794B3007FE5EA /* Release */,
			);
			defaultConfigurationIsVisible = 0;
			defaultConfigurationName = Release;
		};
		0AB5739925C794B3007FE5EA /* Build configuration list for PBXNativeTarget "Tests iOS" */ = {
			isa = XCConfigurationList;
			buildConfigurations = (
				0AB5739A25C794B3007FE5EA /* Debug */,
				0AB5739B25C794B3007FE5EA /* Release */,
			);
			defaultConfigurationIsVisible = 0;
			defaultConfigurationName = Release;
		};
		0AB5739C25C794B3007FE5EA /* Build configuration list for PBXNativeTarget "Tests macOS" */ = {
			isa = XCConfigurationList;
			buildConfigurations = (
				0AB5739D25C794B3007FE5EA /* Debug */,
				0AB5739E25C794B3007FE5EA /* Release */,
			);
			defaultConfigurationIsVisible = 0;
			defaultConfigurationName = Release;
		};
/* End XCConfigurationList section */
	};
	rootObject = 0AB5735D25C794B2007FE5EA /* Project object */;
}
